
Microsoft Visual Studio Solution File, Format Version 12.00
# Visual Studio Version 16
VisualStudioVersion = 16.0.30204.135
MinimumVisualStudioVersion = 10.0.40219.1
Project("{FAE04EC0-301F-11D3-BF4B-00C04F79EFBC}") = "MethodologyPOC", "MethodologyPOC\MethodologyPOC.csproj", "{22ADBDC8-B8B2-414B-957D-9CD7CD74E699}"
EndProject
Global
	GlobalSection(SolutionConfigurationPlatforms) = preSolution
		Debug|Any CPU = Debug|Any CPU
		Release|Any CPU = Release|Any CPU
	EndGlobalSection
	GlobalSection(ProjectConfigurationPlatforms) = postSolution
		{22ADBDC8-B8B2-414B-957D-9CD7CD74E699}.Debug|Any CPU.ActiveCfg = Debug|Any CPU
		{22ADBDC8-B8B2-414B-957D-9CD7CD74E699}.Debug|Any CPU.Build.0 = Debug|Any CPU
		{22ADBDC8-B8B2-414B-957D-9CD7CD74E699}.Release|Any CPU.ActiveCfg = Release|Any CPU
		{22ADBDC8-B8B2-414B-957D-9CD7CD74E699}.Release|Any CPU.Build.0 = Release|Any CPU
	EndGlobalSection
	GlobalSection(SolutionProperties) = preSolution
		HideSolutionNode = FALSE
	EndGlobalSection
	GlobalSection(ExtensibilityGlobals) = postSolution
		SolutionGuid = {5FDA9705-3485-4D5E-A6D4-1D1B83F4EEF3}
	EndGlobalSection
EndGlobal
